
Microsoft Visual Studio Solution File, Format Version 12.00
# Visual Studio Version 17
VisualStudioVersion = 17.9.34728.123
MinimumVisualStudioVersion = 10.0.40219.1
Project("{FAE04EC0-301F-11D3-BF4B-00C04F79EFBC}") = "AnalysisSamples", "AnalysisSamples.csproj", "{CDFCFCC9-2999-4E43-86C9-9AD94FC6CAFE}"
EndProject
Global
	GlobalSection(SolutionConfigurationPlatforms) = preSolution
		Debug|Any CPU = Debug|Any CPU
		Release|Any CPU = Release|Any CPU
	EndGlobalSection
	GlobalSection(ProjectConfigurationPlatforms) = postSolution
		{CDFCFCC9-2999-4E43-86C9-9AD94FC6CAFE}.Debug|Any CPU.ActiveCfg = Debug|Any CPU
		{CDFCFCC9-2999-4E43-86C9-9AD94FC6CAFE}.Debug|Any CPU.Build.0 = Debug|Any CPU
		{CDFCFCC9-2999-4E43-86C9-9AD94FC6CAFE}.Release|Any CPU.ActiveCfg = Release|Any CPU
		{CDFCFCC9-2999-4E43-86C9-9AD94FC6CAFE}.Release|Any CPU.Build.0 = Release|Any CPU
	EndGlobalSection
	GlobalSection(SolutionProperties) = preSolution
		HideSolutionNode = FALSE
	EndGlobalSection
	GlobalSection(ExtensibilityGlobals) = postSolution
		SolutionGuid = {A0186EB6-90D2-4A8E-AC2F-6B4629610DA7}
	EndGlobalSection
EndGlobal
