
Microsoft Visual Studio Solution File, Format Version 12.00
# Visual Studio Version 17
VisualStudioVersion = 17.1.32319.34
MinimumVisualStudioVersion = 10.0.40219.1
Project("{9A19103F-16F7-4668-BE54-9A1E7A4F7556}") = "Slicito", "src\Slicito\Slicito.csproj", "{28C0402F-5B5C-4FBB-87CD-2F6597F73335}"
EndProject
Project("{2150E333-8FDC-42A3-9474-1A3956D46DE8}") = "src", "src", "{DEB14B61-E010-4B08-A880-E956B20A5BE6}"
EndProject
Project("{9A19103F-16F7-4668-BE54-9A1E7A4F7556}") = "SolutionAnalysis", "samples\SolutionAnalysis\SolutionAnalysis.csproj", "{144F60C8-BB0B-4E0A-91A6-389F266B1A3E}"
EndProject
Project("{2150E333-8FDC-42A3-9474-1A3956D46DE8}") = "samples", "samples", "{2F138FD5-85D9-45DD-954A-E27FB1087800}"
EndProject
Global
	GlobalSection(SolutionConfigurationPlatforms) = preSolution
		Debug|Any CPU = Debug|Any CPU
		Release|Any CPU = Release|Any CPU
	EndGlobalSection
	GlobalSection(ProjectConfigurationPlatforms) = postSolution
		{28C0402F-5B5C-4FBB-87CD-2F6597F73335}.Debug|Any CPU.ActiveCfg = Debug|Any CPU
		{28C0402F-5B5C-4FBB-87CD-2F6597F73335}.Debug|Any CPU.Build.0 = Debug|Any CPU
		{28C0402F-5B5C-4FBB-87CD-2F6597F73335}.Release|Any CPU.ActiveCfg = Release|Any CPU
		{28C0402F-5B5C-4FBB-87CD-2F6597F73335}.Release|Any CPU.Build.0 = Release|Any CPU
		{144F60C8-BB0B-4E0A-91A6-389F266B1A3E}.Debug|Any CPU.ActiveCfg = Debug|Any CPU
		{144F60C8-BB0B-4E0A-91A6-389F266B1A3E}.Debug|Any CPU.Build.0 = Debug|Any CPU
		{144F60C8-BB0B-4E0A-91A6-389F266B1A3E}.Release|Any CPU.ActiveCfg = Release|Any CPU
		{144F60C8-BB0B-4E0A-91A6-389F266B1A3E}.Release|Any CPU.Build.0 = Release|Any CPU
	EndGlobalSection
	GlobalSection(SolutionProperties) = preSolution
		HideSolutionNode = FALSE
	EndGlobalSection
	GlobalSection(NestedProjects) = preSolution
		{28C0402F-5B5C-4FBB-87CD-2F6597F73335} = {DEB14B61-E010-4B08-A880-E956B20A5BE6}
		{144F60C8-BB0B-4E0A-91A6-389F266B1A3E} = {2F138FD5-85D9-45DD-954A-E27FB1087800}
	EndGlobalSection
	GlobalSection(ExtensibilityGlobals) = postSolution
		SolutionGuid = {878A59AE-1008-403F-91D2-E4072C3AE3F3}
	EndGlobalSection
EndGlobal
