
Microsoft Visual Studio Solution File, Format Version 12.00
# Visual Studio Version 17
VisualStudioVersion = 17.1.32319.34
MinimumVisualStudioVersion = 10.0.40219.1
Project("{9A19103F-16F7-4668-BE54-9A1E7A4F7556}") = "Slicito", "src\Slicito\Slicito.csproj", "{28C0402F-5B5C-4FBB-87CD-2F6597F73335}"
EndProject
Project("{2150E333-8FDC-42A3-9474-1A3956D46DE8}") = "src", "src", "{DEB14B61-E010-4B08-A880-E956B20A5BE6}"
	ProjectSection(SolutionItems) = preProject
		src\Directory.Build.props = src\Directory.Build.props
	EndProjectSection
EndProject
Project("{2150E333-8FDC-42A3-9474-1A3956D46DE8}") = "samples", "samples", "{2F138FD5-85D9-45DD-954A-E27FB1087800}"
EndProject
Project("{9A19103F-16F7-4668-BE54-9A1E7A4F7556}") = "Slicito.Abstractions", "src\Slicito.Abstractions\Slicito.Abstractions.csproj", "{722D866D-AE3A-42CB-A64D-F18C3F441CBF}"
EndProject
Project("{9A19103F-16F7-4668-BE54-9A1E7A4F7556}") = "Slicito.DotNet", "src\Slicito.DotNet\Slicito.DotNet.csproj", "{210426DD-20A8-4230-BA51-AF7584D8707F}"
EndProject
Project("{2150E333-8FDC-42A3-9474-1A3956D46DE8}") = "Solution Items", "Solution Items", "{C622B298-01DE-45F8-92C7-483809B4DF78}"
	ProjectSection(SolutionItems) = preProject
		Directory.Build.props = Directory.Build.props
		Directory.Packages.props = Directory.Packages.props
		nuget.config = nuget.config
		build\README-NuGet.md = build\README-NuGet.md
		slicito.snk = slicito.snk
	EndProjectSection
EndProject
Project("{2150E333-8FDC-42A3-9474-1A3956D46DE8}") = "tests", "tests", "{CD7DB68A-219B-4824-BF80-F6C2BA302AEA}"
EndProject
Project("{9A19103F-16F7-4668-BE54-9A1E7A4F7556}") = "Slicito.DotNet.Tests", "tests\Slicito.DotNet.Tests\Slicito.DotNet.Tests.csproj", "{18EB7034-80AD-4379-B702-9DB44793E085}"
EndProject
Project("{9A19103F-16F7-4668-BE54-9A1E7A4F7556}") = "StandaloneGui", "tools\StandaloneGui\StandaloneGui.csproj", "{2291BE18-AC01-465F-9A63-58F849D13CC4}"
	ProjectSection(ProjectDependencies) = postProject
		{CCA637E7-2AAC-4188-AADA-1314386BC45B} = {CCA637E7-2AAC-4188-AADA-1314386BC45B}
	EndProjectSection
EndProject
Project("{2150E333-8FDC-42A3-9474-1A3956D46DE8}") = "tools", "tools", "{5043DC3E-B865-42D7-8DFC-8D89155E9AFE}"
EndProject
Project("{9A19103F-16F7-4668-BE54-9A1E7A4F7556}") = "Slicito.Wpf", "src\Slicito.Wpf\Slicito.Wpf.csproj", "{E4F0A9F3-EA1D-42B1-9260-583E42CBB972}"
EndProject
Project("{9A19103F-16F7-4668-BE54-9A1E7A4F7556}") = "Controllers", "samples\Controllers\Controllers.csproj", "{CCA637E7-2AAC-4188-AADA-1314386BC45B}"
EndProject
Project("{9A19103F-16F7-4668-BE54-9A1E7A4F7556}") = "Slicito.Common", "src\Slicito.Common\Slicito.Common.csproj", "{58B6048C-F2AA-46A8-BEA1-2D585F1EA4BF}"
EndProject
Project("{9A19103F-16F7-4668-BE54-9A1E7A4F7556}") = "Slicito.Common.Tests", "tests\Slicito.Common.Tests\Slicito.Common.Tests.csproj", "{F77F2336-5EFF-4448-B777-EA224E1EBCB9}"
EndProject
Project("{9A19103F-16F7-4668-BE54-9A1E7A4F7556}") = "Slicito.ProgramAnalysis", "src\Slicito.ProgramAnalysis\Slicito.ProgramAnalysis.csproj", "{2A1ADA4D-B54E-44C4-BB34-BB909E229C88}"
EndProject
Project("{9A19103F-16F7-4668-BE54-9A1E7A4F7556}") = "Slicito.ProgramAnalysis.Tests", "tests\Slicito.ProgramAnalysis.Tests\Slicito.ProgramAnalysis.Tests.csproj", "{7E6FBEB5-3B01-4BA0-B4DF-1FCE29968F45}"
EndProject
Project("{FAE04EC0-301F-11D3-BF4B-00C04F79EFBC}") = "Slicito.VisualStudio", "src\Slicito.VisualStudio\Slicito.VisualStudio.csproj", "{CF31CD4E-2F6E-4D26-BF67-1B9FD011A154}"
EndProject
Global
	GlobalSection(SolutionConfigurationPlatforms) = preSolution
		Debug|Any CPU = Debug|Any CPU
		Debug|arm64 = Debug|arm64
		Debug|x86 = Debug|x86
		Release|Any CPU = Release|Any CPU
		Release|arm64 = Release|arm64
		Release|x86 = Release|x86
	EndGlobalSection
	GlobalSection(ProjectConfigurationPlatforms) = postSolution
		{28C0402F-5B5C-4FBB-87CD-2F6597F73335}.Debug|Any CPU.ActiveCfg = Debug|Any CPU
		{28C0402F-5B5C-4FBB-87CD-2F6597F73335}.Debug|Any CPU.Build.0 = Debug|Any CPU
		{28C0402F-5B5C-4FBB-87CD-2F6597F73335}.Debug|arm64.ActiveCfg = Debug|Any CPU
		{28C0402F-5B5C-4FBB-87CD-2F6597F73335}.Debug|arm64.Build.0 = Debug|Any CPU
		{28C0402F-5B5C-4FBB-87CD-2F6597F73335}.Debug|x86.ActiveCfg = Debug|Any CPU
		{28C0402F-5B5C-4FBB-87CD-2F6597F73335}.Debug|x86.Build.0 = Debug|Any CPU
		{28C0402F-5B5C-4FBB-87CD-2F6597F73335}.Release|Any CPU.ActiveCfg = Release|Any CPU
		{28C0402F-5B5C-4FBB-87CD-2F6597F73335}.Release|Any CPU.Build.0 = Release|Any CPU
		{28C0402F-5B5C-4FBB-87CD-2F6597F73335}.Release|arm64.ActiveCfg = Release|Any CPU
		{28C0402F-5B5C-4FBB-87CD-2F6597F73335}.Release|arm64.Build.0 = Release|Any CPU
		{28C0402F-5B5C-4FBB-87CD-2F6597F73335}.Release|x86.ActiveCfg = Release|Any CPU
		{28C0402F-5B5C-4FBB-87CD-2F6597F73335}.Release|x86.Build.0 = Release|Any CPU
		{722D866D-AE3A-42CB-A64D-F18C3F441CBF}.Debug|Any CPU.ActiveCfg = Debug|Any CPU
		{722D866D-AE3A-42CB-A64D-F18C3F441CBF}.Debug|Any CPU.Build.0 = Debug|Any CPU
		{722D866D-AE3A-42CB-A64D-F18C3F441CBF}.Debug|arm64.ActiveCfg = Debug|Any CPU
		{722D866D-AE3A-42CB-A64D-F18C3F441CBF}.Debug|arm64.Build.0 = Debug|Any CPU
		{722D866D-AE3A-42CB-A64D-F18C3F441CBF}.Debug|x86.ActiveCfg = Debug|Any CPU
		{722D866D-AE3A-42CB-A64D-F18C3F441CBF}.Debug|x86.Build.0 = Debug|Any CPU
		{722D866D-AE3A-42CB-A64D-F18C3F441CBF}.Release|Any CPU.ActiveCfg = Release|Any CPU
		{722D866D-AE3A-42CB-A64D-F18C3F441CBF}.Release|Any CPU.Build.0 = Release|Any CPU
		{722D866D-AE3A-42CB-A64D-F18C3F441CBF}.Release|arm64.ActiveCfg = Release|Any CPU
		{722D866D-AE3A-42CB-A64D-F18C3F441CBF}.Release|arm64.Build.0 = Release|Any CPU
		{722D866D-AE3A-42CB-A64D-F18C3F441CBF}.Release|x86.ActiveCfg = Release|Any CPU
		{722D866D-AE3A-42CB-A64D-F18C3F441CBF}.Release|x86.Build.0 = Release|Any CPU
		{210426DD-20A8-4230-BA51-AF7584D8707F}.Debug|Any CPU.ActiveCfg = Debug|Any CPU
		{210426DD-20A8-4230-BA51-AF7584D8707F}.Debug|Any CPU.Build.0 = Debug|Any CPU
		{210426DD-20A8-4230-BA51-AF7584D8707F}.Debug|arm64.ActiveCfg = Debug|Any CPU
		{210426DD-20A8-4230-BA51-AF7584D8707F}.Debug|arm64.Build.0 = Debug|Any CPU
		{210426DD-20A8-4230-BA51-AF7584D8707F}.Debug|x86.ActiveCfg = Debug|Any CPU
		{210426DD-20A8-4230-BA51-AF7584D8707F}.Debug|x86.Build.0 = Debug|Any CPU
		{210426DD-20A8-4230-BA51-AF7584D8707F}.Release|Any CPU.ActiveCfg = Release|Any CPU
		{210426DD-20A8-4230-BA51-AF7584D8707F}.Release|Any CPU.Build.0 = Release|Any CPU
		{210426DD-20A8-4230-BA51-AF7584D8707F}.Release|arm64.ActiveCfg = Release|Any CPU
		{210426DD-20A8-4230-BA51-AF7584D8707F}.Release|arm64.Build.0 = Release|Any CPU
		{210426DD-20A8-4230-BA51-AF7584D8707F}.Release|x86.ActiveCfg = Release|Any CPU
		{210426DD-20A8-4230-BA51-AF7584D8707F}.Release|x86.Build.0 = Release|Any CPU
		{18EB7034-80AD-4379-B702-9DB44793E085}.Debug|Any CPU.ActiveCfg = Debug|Any CPU
		{18EB7034-80AD-4379-B702-9DB44793E085}.Debug|Any CPU.Build.0 = Debug|Any CPU
		{18EB7034-80AD-4379-B702-9DB44793E085}.Debug|arm64.ActiveCfg = Debug|Any CPU
		{18EB7034-80AD-4379-B702-9DB44793E085}.Debug|arm64.Build.0 = Debug|Any CPU
		{18EB7034-80AD-4379-B702-9DB44793E085}.Debug|x86.ActiveCfg = Debug|Any CPU
		{18EB7034-80AD-4379-B702-9DB44793E085}.Debug|x86.Build.0 = Debug|Any CPU
		{18EB7034-80AD-4379-B702-9DB44793E085}.Release|Any CPU.ActiveCfg = Release|Any CPU
		{18EB7034-80AD-4379-B702-9DB44793E085}.Release|Any CPU.Build.0 = Release|Any CPU
		{18EB7034-80AD-4379-B702-9DB44793E085}.Release|arm64.ActiveCfg = Release|Any CPU
		{18EB7034-80AD-4379-B702-9DB44793E085}.Release|arm64.Build.0 = Release|Any CPU
		{18EB7034-80AD-4379-B702-9DB44793E085}.Release|x86.ActiveCfg = Release|Any CPU
		{18EB7034-80AD-4379-B702-9DB44793E085}.Release|x86.Build.0 = Release|Any CPU
		{2291BE18-AC01-465F-9A63-58F849D13CC4}.Debug|Any CPU.ActiveCfg = Debug|Any CPU
		{2291BE18-AC01-465F-9A63-58F849D13CC4}.Debug|Any CPU.Build.0 = Debug|Any CPU
		{2291BE18-AC01-465F-9A63-58F849D13CC4}.Debug|arm64.ActiveCfg = Debug|Any CPU
		{2291BE18-AC01-465F-9A63-58F849D13CC4}.Debug|arm64.Build.0 = Debug|Any CPU
		{2291BE18-AC01-465F-9A63-58F849D13CC4}.Debug|x86.ActiveCfg = Debug|Any CPU
		{2291BE18-AC01-465F-9A63-58F849D13CC4}.Debug|x86.Build.0 = Debug|Any CPU
		{2291BE18-AC01-465F-9A63-58F849D13CC4}.Release|Any CPU.ActiveCfg = Release|Any CPU
		{2291BE18-AC01-465F-9A63-58F849D13CC4}.Release|Any CPU.Build.0 = Release|Any CPU
		{2291BE18-AC01-465F-9A63-58F849D13CC4}.Release|arm64.ActiveCfg = Release|Any CPU
		{2291BE18-AC01-465F-9A63-58F849D13CC4}.Release|arm64.Build.0 = Release|Any CPU
		{2291BE18-AC01-465F-9A63-58F849D13CC4}.Release|x86.ActiveCfg = Release|Any CPU
		{2291BE18-AC01-465F-9A63-58F849D13CC4}.Release|x86.Build.0 = Release|Any CPU
		{E4F0A9F3-EA1D-42B1-9260-583E42CBB972}.Debug|Any CPU.ActiveCfg = Debug|Any CPU
		{E4F0A9F3-EA1D-42B1-9260-583E42CBB972}.Debug|Any CPU.Build.0 = Debug|Any CPU
		{E4F0A9F3-EA1D-42B1-9260-583E42CBB972}.Debug|arm64.ActiveCfg = Debug|Any CPU
		{E4F0A9F3-EA1D-42B1-9260-583E42CBB972}.Debug|arm64.Build.0 = Debug|Any CPU
		{E4F0A9F3-EA1D-42B1-9260-583E42CBB972}.Debug|x86.ActiveCfg = Debug|Any CPU
		{E4F0A9F3-EA1D-42B1-9260-583E42CBB972}.Debug|x86.Build.0 = Debug|Any CPU
		{E4F0A9F3-EA1D-42B1-9260-583E42CBB972}.Release|Any CPU.ActiveCfg = Release|Any CPU
		{E4F0A9F3-EA1D-42B1-9260-583E42CBB972}.Release|Any CPU.Build.0 = Release|Any CPU
		{E4F0A9F3-EA1D-42B1-9260-583E42CBB972}.Release|arm64.ActiveCfg = Release|Any CPU
		{E4F0A9F3-EA1D-42B1-9260-583E42CBB972}.Release|arm64.Build.0 = Release|Any CPU
		{E4F0A9F3-EA1D-42B1-9260-583E42CBB972}.Release|x86.ActiveCfg = Release|Any CPU
		{E4F0A9F3-EA1D-42B1-9260-583E42CBB972}.Release|x86.Build.0 = Release|Any CPU
		{CCA637E7-2AAC-4188-AADA-1314386BC45B}.Debug|Any CPU.ActiveCfg = Debug|Any CPU
		{CCA637E7-2AAC-4188-AADA-1314386BC45B}.Debug|Any CPU.Build.0 = Debug|Any CPU
		{CCA637E7-2AAC-4188-AADA-1314386BC45B}.Debug|arm64.ActiveCfg = Debug|Any CPU
		{CCA637E7-2AAC-4188-AADA-1314386BC45B}.Debug|arm64.Build.0 = Debug|Any CPU
		{CCA637E7-2AAC-4188-AADA-1314386BC45B}.Debug|x86.ActiveCfg = Debug|Any CPU
		{CCA637E7-2AAC-4188-AADA-1314386BC45B}.Debug|x86.Build.0 = Debug|Any CPU
		{CCA637E7-2AAC-4188-AADA-1314386BC45B}.Release|Any CPU.ActiveCfg = Release|Any CPU
		{CCA637E7-2AAC-4188-AADA-1314386BC45B}.Release|Any CPU.Build.0 = Release|Any CPU
		{CCA637E7-2AAC-4188-AADA-1314386BC45B}.Release|arm64.ActiveCfg = Release|Any CPU
		{CCA637E7-2AAC-4188-AADA-1314386BC45B}.Release|arm64.Build.0 = Release|Any CPU
		{CCA637E7-2AAC-4188-AADA-1314386BC45B}.Release|x86.ActiveCfg = Release|Any CPU
		{CCA637E7-2AAC-4188-AADA-1314386BC45B}.Release|x86.Build.0 = Release|Any CPU
		{58B6048C-F2AA-46A8-BEA1-2D585F1EA4BF}.Debug|Any CPU.ActiveCfg = Debug|Any CPU
		{58B6048C-F2AA-46A8-BEA1-2D585F1EA4BF}.Debug|Any CPU.Build.0 = Debug|Any CPU
		{58B6048C-F2AA-46A8-BEA1-2D585F1EA4BF}.Debug|arm64.ActiveCfg = Debug|Any CPU
		{58B6048C-F2AA-46A8-BEA1-2D585F1EA4BF}.Debug|arm64.Build.0 = Debug|Any CPU
		{58B6048C-F2AA-46A8-BEA1-2D585F1EA4BF}.Debug|x86.ActiveCfg = Debug|Any CPU
		{58B6048C-F2AA-46A8-BEA1-2D585F1EA4BF}.Debug|x86.Build.0 = Debug|Any CPU
		{58B6048C-F2AA-46A8-BEA1-2D585F1EA4BF}.Release|Any CPU.ActiveCfg = Release|Any CPU
		{58B6048C-F2AA-46A8-BEA1-2D585F1EA4BF}.Release|Any CPU.Build.0 = Release|Any CPU
		{58B6048C-F2AA-46A8-BEA1-2D585F1EA4BF}.Release|arm64.ActiveCfg = Release|Any CPU
		{58B6048C-F2AA-46A8-BEA1-2D585F1EA4BF}.Release|arm64.Build.0 = Release|Any CPU
		{58B6048C-F2AA-46A8-BEA1-2D585F1EA4BF}.Release|x86.ActiveCfg = Release|Any CPU
		{58B6048C-F2AA-46A8-BEA1-2D585F1EA4BF}.Release|x86.Build.0 = Release|Any CPU
		{F77F2336-5EFF-4448-B777-EA224E1EBCB9}.Debug|Any CPU.ActiveCfg = Debug|Any CPU
		{F77F2336-5EFF-4448-B777-EA224E1EBCB9}.Debug|Any CPU.Build.0 = Debug|Any CPU
		{F77F2336-5EFF-4448-B777-EA224E1EBCB9}.Debug|arm64.ActiveCfg = Debug|Any CPU
		{F77F2336-5EFF-4448-B777-EA224E1EBCB9}.Debug|arm64.Build.0 = Debug|Any CPU
		{F77F2336-5EFF-4448-B777-EA224E1EBCB9}.Debug|x86.ActiveCfg = Debug|Any CPU
		{F77F2336-5EFF-4448-B777-EA224E1EBCB9}.Debug|x86.Build.0 = Debug|Any CPU
		{F77F2336-5EFF-4448-B777-EA224E1EBCB9}.Release|Any CPU.ActiveCfg = Release|Any CPU
		{F77F2336-5EFF-4448-B777-EA224E1EBCB9}.Release|Any CPU.Build.0 = Release|Any CPU
		{F77F2336-5EFF-4448-B777-EA224E1EBCB9}.Release|arm64.ActiveCfg = Release|Any CPU
		{F77F2336-5EFF-4448-B777-EA224E1EBCB9}.Release|arm64.Build.0 = Release|Any CPU
		{F77F2336-5EFF-4448-B777-EA224E1EBCB9}.Release|x86.ActiveCfg = Release|Any CPU
		{F77F2336-5EFF-4448-B777-EA224E1EBCB9}.Release|x86.Build.0 = Release|Any CPU
		{2A1ADA4D-B54E-44C4-BB34-BB909E229C88}.Debug|Any CPU.ActiveCfg = Debug|Any CPU
		{2A1ADA4D-B54E-44C4-BB34-BB909E229C88}.Debug|Any CPU.Build.0 = Debug|Any CPU
		{2A1ADA4D-B54E-44C4-BB34-BB909E229C88}.Debug|arm64.ActiveCfg = Debug|Any CPU
		{2A1ADA4D-B54E-44C4-BB34-BB909E229C88}.Debug|arm64.Build.0 = Debug|Any CPU
		{2A1ADA4D-B54E-44C4-BB34-BB909E229C88}.Debug|x86.ActiveCfg = Debug|Any CPU
		{2A1ADA4D-B54E-44C4-BB34-BB909E229C88}.Debug|x86.Build.0 = Debug|Any CPU
		{2A1ADA4D-B54E-44C4-BB34-BB909E229C88}.Release|Any CPU.ActiveCfg = Release|Any CPU
		{2A1ADA4D-B54E-44C4-BB34-BB909E229C88}.Release|Any CPU.Build.0 = Release|Any CPU
		{2A1ADA4D-B54E-44C4-BB34-BB909E229C88}.Release|arm64.ActiveCfg = Release|Any CPU
		{2A1ADA4D-B54E-44C4-BB34-BB909E229C88}.Release|arm64.Build.0 = Release|Any CPU
		{2A1ADA4D-B54E-44C4-BB34-BB909E229C88}.Release|x86.ActiveCfg = Release|Any CPU
		{2A1ADA4D-B54E-44C4-BB34-BB909E229C88}.Release|x86.Build.0 = Release|Any CPU
		{7E6FBEB5-3B01-4BA0-B4DF-1FCE29968F45}.Debug|Any CPU.ActiveCfg = Debug|Any CPU
		{7E6FBEB5-3B01-4BA0-B4DF-1FCE29968F45}.Debug|Any CPU.Build.0 = Debug|Any CPU
		{7E6FBEB5-3B01-4BA0-B4DF-1FCE29968F45}.Debug|arm64.ActiveCfg = Debug|Any CPU
		{7E6FBEB5-3B01-4BA0-B4DF-1FCE29968F45}.Debug|arm64.Build.0 = Debug|Any CPU
		{7E6FBEB5-3B01-4BA0-B4DF-1FCE29968F45}.Debug|x86.ActiveCfg = Debug|Any CPU
		{7E6FBEB5-3B01-4BA0-B4DF-1FCE29968F45}.Debug|x86.Build.0 = Debug|Any CPU
		{7E6FBEB5-3B01-4BA0-B4DF-1FCE29968F45}.Release|Any CPU.ActiveCfg = Release|Any CPU
		{7E6FBEB5-3B01-4BA0-B4DF-1FCE29968F45}.Release|Any CPU.Build.0 = Release|Any CPU
		{7E6FBEB5-3B01-4BA0-B4DF-1FCE29968F45}.Release|arm64.ActiveCfg = Release|Any CPU
		{7E6FBEB5-3B01-4BA0-B4DF-1FCE29968F45}.Release|arm64.Build.0 = Release|Any CPU
		{7E6FBEB5-3B01-4BA0-B4DF-1FCE29968F45}.Release|x86.ActiveCfg = Release|Any CPU
		{7E6FBEB5-3B01-4BA0-B4DF-1FCE29968F45}.Release|x86.Build.0 = Release|Any CPU
		{CF31CD4E-2F6E-4D26-BF67-1B9FD011A154}.Debug|Any CPU.ActiveCfg = Debug|Any CPU
		{CF31CD4E-2F6E-4D26-BF67-1B9FD011A154}.Debug|Any CPU.Build.0 = Debug|Any CPU
		{CF31CD4E-2F6E-4D26-BF67-1B9FD011A154}.Debug|arm64.ActiveCfg = Debug|arm64
		{CF31CD4E-2F6E-4D26-BF67-1B9FD011A154}.Debug|arm64.Build.0 = Debug|arm64
		{CF31CD4E-2F6E-4D26-BF67-1B9FD011A154}.Debug|x86.ActiveCfg = Debug|x86
		{CF31CD4E-2F6E-4D26-BF67-1B9FD011A154}.Debug|x86.Build.0 = Debug|x86
		{CF31CD4E-2F6E-4D26-BF67-1B9FD011A154}.Release|Any CPU.ActiveCfg = Release|Any CPU
		{CF31CD4E-2F6E-4D26-BF67-1B9FD011A154}.Release|Any CPU.Build.0 = Release|Any CPU
		{CF31CD4E-2F6E-4D26-BF67-1B9FD011A154}.Release|arm64.ActiveCfg = Release|arm64
		{CF31CD4E-2F6E-4D26-BF67-1B9FD011A154}.Release|arm64.Build.0 = Release|arm64
		{CF31CD4E-2F6E-4D26-BF67-1B9FD011A154}.Release|x86.ActiveCfg = Release|x86
		{CF31CD4E-2F6E-4D26-BF67-1B9FD011A154}.Release|x86.Build.0 = Release|x86
	EndGlobalSection
	GlobalSection(SolutionProperties) = preSolution
		HideSolutionNode = FALSE
	EndGlobalSection
	GlobalSection(NestedProjects) = preSolution
		{28C0402F-5B5C-4FBB-87CD-2F6597F73335} = {DEB14B61-E010-4B08-A880-E956B20A5BE6}
		{722D866D-AE3A-42CB-A64D-F18C3F441CBF} = {DEB14B61-E010-4B08-A880-E956B20A5BE6}
		{210426DD-20A8-4230-BA51-AF7584D8707F} = {DEB14B61-E010-4B08-A880-E956B20A5BE6}
		{18EB7034-80AD-4379-B702-9DB44793E085} = {CD7DB68A-219B-4824-BF80-F6C2BA302AEA}
		{2291BE18-AC01-465F-9A63-58F849D13CC4} = {5043DC3E-B865-42D7-8DFC-8D89155E9AFE}
		{E4F0A9F3-EA1D-42B1-9260-583E42CBB972} = {DEB14B61-E010-4B08-A880-E956B20A5BE6}
		{CCA637E7-2AAC-4188-AADA-1314386BC45B} = {2F138FD5-85D9-45DD-954A-E27FB1087800}
		{58B6048C-F2AA-46A8-BEA1-2D585F1EA4BF} = {DEB14B61-E010-4B08-A880-E956B20A5BE6}
		{F77F2336-5EFF-4448-B777-EA224E1EBCB9} = {CD7DB68A-219B-4824-BF80-F6C2BA302AEA}
		{2A1ADA4D-B54E-44C4-BB34-BB909E229C88} = {DEB14B61-E010-4B08-A880-E956B20A5BE6}
		{7E6FBEB5-3B01-4BA0-B4DF-1FCE29968F45} = {CD7DB68A-219B-4824-BF80-F6C2BA302AEA}
		{CF31CD4E-2F6E-4D26-BF67-1B9FD011A154} = {DEB14B61-E010-4B08-A880-E956B20A5BE6}
	EndGlobalSection
	GlobalSection(ExtensibilityGlobals) = postSolution
		SolutionGuid = {878A59AE-1008-403F-91D2-E4072C3AE3F3}
	EndGlobalSection
EndGlobal
